
Microsoft Visual Studio Solution File, Format Version 12.00
# Visual Studio 15
Project("{FAE04EC0-301F-11D3-BF4B-00C04F79EFBC}") = "NavMeshComponents", "NavMeshComponents.csproj", "{E44C9E89-EF8A-11E4-5CC3-3814CC844A33}"
EndProject
Project("{FAE04EC0-301F-11D3-BF4B-00C04F79EFBC}") = "Assembly-CSharp", "Assembly-CSharp.csproj", "{DB1FCA82-D6A3-DCE9-BA60-56052396B99F}"
EndProject
Project("{FAE04EC0-301F-11D3-BF4B-00C04F79EFBC}") = "NavMeshComponentsEditor", "NavMeshComponentsEditor.csproj", "{3B3B66F0-514E-9848-9CC2-91669340D97B}"
EndProject
Global
	GlobalSection(SolutionConfigurationPlatforms) = preSolution
		Debug|Any CPU = Debug|Any CPU
		Release|Any CPU = Release|Any CPU
	EndGlobalSection
	GlobalSection(ProjectConfigurationPlatforms) = postSolution
		{E44C9E89-EF8A-11E4-5CC3-3814CC844A33}.Debug|Any CPU.ActiveCfg = Debug|Any CPU
		{E44C9E89-EF8A-11E4-5CC3-3814CC844A33}.Debug|Any CPU.Build.0 = Debug|Any CPU
		{E44C9E89-EF8A-11E4-5CC3-3814CC844A33}.Release|Any CPU.ActiveCfg = Release|Any CPU
		{E44C9E89-EF8A-11E4-5CC3-3814CC844A33}.Release|Any CPU.Build.0 = Release|Any CPU
		{DB1FCA82-D6A3-DCE9-BA60-56052396B99F}.Debug|Any CPU.ActiveCfg = Debug|Any CPU
		{DB1FCA82-D6A3-DCE9-BA60-56052396B99F}.Debug|Any CPU.Build.0 = Debug|Any CPU
		{DB1FCA82-D6A3-DCE9-BA60-56052396B99F}.Release|Any CPU.ActiveCfg = Release|Any CPU
		{DB1FCA82-D6A3-DCE9-BA60-56052396B99F}.Release|Any CPU.Build.0 = Release|Any CPU
		{3B3B66F0-514E-9848-9CC2-91669340D97B}.Debug|Any CPU.ActiveCfg = Debug|Any CPU
		{3B3B66F0-514E-9848-9CC2-91669340D97B}.Debug|Any CPU.Build.0 = Debug|Any CPU
		{3B3B66F0-514E-9848-9CC2-91669340D97B}.Release|Any CPU.ActiveCfg = Release|Any CPU
		{3B3B66F0-514E-9848-9CC2-91669340D97B}.Release|Any CPU.Build.0 = Release|Any CPU
	EndGlobalSection
	GlobalSection(SolutionProperties) = preSolution
		HideSolutionNode = FALSE
	EndGlobalSection
EndGlobal
